
Microsoft Visual Studio Solution File, Format Version 12.00
# Visual Studio 2012
Project("{FAE04EC0-301F-11D3-BF4B-00C04F79EFBC}") = "BubbleSort", "BubbleSort\BubbleSort.csproj", "{76811D81-1E1B-4590-B499-25F246488A98}"
EndProject
Project("{FAE04EC0-301F-11D3-BF4B-00C04F79EFBC}") = "BubbleSort.Test", "BubbleSort.Test\BubbleSort.Test.csproj", "{3229BBED-C4BA-41C1-B28F-D994672C5105}"
EndProject
Global
	GlobalSection(SolutionConfigurationPlatforms) = preSolution
		Debug|Any CPU = Debug|Any CPU
		Release|Any CPU = Release|Any CPU
	EndGlobalSection
	GlobalSection(ProjectConfigurationPlatforms) = postSolution
		{76811D81-1E1B-4590-B499-25F246488A98}.Debug|Any CPU.ActiveCfg = Debug|Any CPU
		{76811D81-1E1B-4590-B499-25F246488A98}.Debug|Any CPU.Build.0 = Debug|Any CPU
		{76811D81-1E1B-4590-B499-25F246488A98}.Release|Any CPU.ActiveCfg = Release|Any CPU
		{76811D81-1E1B-4590-B499-25F246488A98}.Release|Any CPU.Build.0 = Release|Any CPU
		{3229BBED-C4BA-41C1-B28F-D994672C5105}.Debug|Any CPU.ActiveCfg = Debug|Any CPU
		{3229BBED-C4BA-41C1-B28F-D994672C5105}.Debug|Any CPU.Build.0 = Debug|Any CPU
		{3229BBED-C4BA-41C1-B28F-D994672C5105}.Release|Any CPU.ActiveCfg = Release|Any CPU
		{3229BBED-C4BA-41C1-B28F-D994672C5105}.Release|Any CPU.Build.0 = Release|Any CPU
	EndGlobalSection
	GlobalSection(SolutionProperties) = preSolution
		HideSolutionNode = FALSE
	EndGlobalSection
EndGlobal
