
Microsoft Visual Studio Solution File, Format Version 12.00
# Visual Studio 2012
Project("{FAE04EC0-301F-11D3-BF4B-00C04F79EFBC}") = "Queue", "Queue\Queue.csproj", "{073A9B6F-3026-4110-85E1-2A92F4EEB5F6}"
EndProject
Project("{FAE04EC0-301F-11D3-BF4B-00C04F79EFBC}") = "Queue.Test", "Queue.Test\Queue.Test.csproj", "{3378B332-E45A-4614-8FF3-7EE0A52AD3EE}"
EndProject
Global
	GlobalSection(SolutionConfigurationPlatforms) = preSolution
		Debug|Any CPU = Debug|Any CPU
		Release|Any CPU = Release|Any CPU
	EndGlobalSection
	GlobalSection(ProjectConfigurationPlatforms) = postSolution
		{073A9B6F-3026-4110-85E1-2A92F4EEB5F6}.Debug|Any CPU.ActiveCfg = Debug|Any CPU
		{073A9B6F-3026-4110-85E1-2A92F4EEB5F6}.Debug|Any CPU.Build.0 = Debug|Any CPU
		{073A9B6F-3026-4110-85E1-2A92F4EEB5F6}.Release|Any CPU.ActiveCfg = Release|Any CPU
		{073A9B6F-3026-4110-85E1-2A92F4EEB5F6}.Release|Any CPU.Build.0 = Release|Any CPU
		{3378B332-E45A-4614-8FF3-7EE0A52AD3EE}.Debug|Any CPU.ActiveCfg = Debug|Any CPU
		{3378B332-E45A-4614-8FF3-7EE0A52AD3EE}.Debug|Any CPU.Build.0 = Debug|Any CPU
		{3378B332-E45A-4614-8FF3-7EE0A52AD3EE}.Release|Any CPU.ActiveCfg = Release|Any CPU
		{3378B332-E45A-4614-8FF3-7EE0A52AD3EE}.Release|Any CPU.Build.0 = Release|Any CPU
	EndGlobalSection
	GlobalSection(SolutionProperties) = preSolution
		HideSolutionNode = FALSE
	EndGlobalSection
EndGlobal
